
Microsoft Visual Studio Solution File, Format Version 12.00
# Visual Studio Version 16
VisualStudioVersion = 16.0.29215.179
MinimumVisualStudioVersion = 10.0.40219.1
Project("{FAE04EC0-301F-11D3-BF4B-00C04F79EFBC}") = "WPFDatabse", "WPFDatabse\WPFDatabse.csproj", "{EB0718FC-8D86-45AE-884F-FBAD53FD448D}"
EndProject
Global
	GlobalSection(SolutionConfigurationPlatforms) = preSolution
		Debug|Any CPU = Debug|Any CPU
		Release|Any CPU = Release|Any CPU
	EndGlobalSection
	GlobalSection(ProjectConfigurationPlatforms) = postSolution
		{EB0718FC-8D86-45AE-884F-FBAD53FD448D}.Debug|Any CPU.ActiveCfg = Debug|Any CPU
		{EB0718FC-8D86-45AE-884F-FBAD53FD448D}.Debug|Any CPU.Build.0 = Debug|Any CPU
		{EB0718FC-8D86-45AE-884F-FBAD53FD448D}.Release|Any CPU.ActiveCfg = Release|Any CPU
		{EB0718FC-8D86-45AE-884F-FBAD53FD448D}.Release|Any CPU.Build.0 = Release|Any CPU
	EndGlobalSection
	GlobalSection(SolutionProperties) = preSolution
		HideSolutionNode = FALSE
	EndGlobalSection
	GlobalSection(ExtensibilityGlobals) = postSolution
		SolutionGuid = {4B57400F-6B1F-4B1A-9B22-D3D732734BA0}
	EndGlobalSection
EndGlobal
